{
  "name": "djs-command-resolver",
  "version": "2.0.0",
  "lockfileVersion": 1,
  "requires": true,
  "dependencies": {
    "@discordjs/builders": {
      "version": "0.16.0-dev.1655510999-2681929",
      "resolved": "https://registry.npmjs.org/@discordjs/builders/-/builders-0.16.0-dev.1655510999-2681929.tgz",
      "integrity": "sha512-u+EEkrS9lQg7stOFdpFyL1bQu2/PmYO1tdLUAV9l4pGJ/vWaN9sTIFEg7Q58xFiWR+gvolVB58NXSGg4uWxFsA==",
      "dev": true,
      "requires": {
        "@sapphire/shapeshift": "^3.1.0",
        "@sindresorhus/is": "^4.6.0",
        "discord-api-types": "^0.33.5",
        "fast-deep-equal": "^3.1.3",
        "ts-mixer": "^6.0.1",
        "tslib": "^2.4.0"
      }
    },
    "@discordjs/collection": {
      "version": "0.8.0-dev.1655510999-2681929",
      "resolved": "https://registry.npmjs.org/@discordjs/collection/-/collection-0.8.0-dev.1655510999-2681929.tgz",
      "integrity": "sha512-oQ8W9DCfhHRccXBgWCpt69kl2f0lzrqZsjZVZmbSzcIb0NhpRpkHoE+bKD+aiOApCTXuGTz5a1HhffkFfg7leg==",
      "dev": true
    },
    "@discordjs/rest": {
      "version": "0.6.0-dev.1655511001-2681929",
      "resolved": "https://registry.npmjs.org/@discordjs/rest/-/rest-0.6.0-dev.1655511001-2681929.tgz",
      "integrity": "sha512-nyrIfgB85jXxyuTpSYc/U6J3FvdJnFGc9bggG43paizhY4zPsKztCUq3kYTzba6Kc9j83XUxjwI6q1JgTi4DSA==",
      "dev": true,
      "requires": {
        "@discordjs/collection": "^0.8.0-dev",
        "@sapphire/async-queue": "^1.3.1",
        "@sapphire/snowflake": "^3.2.2",
        "discord-api-types": "^0.33.5",
        "tslib": "^2.4.0",
        "undici": "^5.4.0"
      }
    },
    "@sapphire/async-queue": {
      "version": "1.3.1",
      "resolved": "https://registry.npmjs.org/@sapphire/async-queue/-/async-queue-1.3.1.tgz",
      "integrity": "sha512-FFTlPOWZX1kDj9xCAsRzH5xEJfawg1lNoYAA+ecOWJMHOfiZYb1uXOI3ne9U4UILSEPwfE68p3T9wUHwIQfR0g==",
      "dev": true
    },
    "@sapphire/shapeshift": {
      "version": "3.2.0",
      "resolved": "https://registry.npmjs.org/@sapphire/shapeshift/-/shapeshift-3.2.0.tgz",
      "integrity": "sha512-asNgE5Ooil2/oGIAj6vZMoUc2ZFED0TGYD7jwvZsjHPQZBEh9ITj94ca4bCgiCR1s2ER/UjzykH+5wE3ebVZnQ==",
      "dev": true
    },
    "@sapphire/snowflake": {
      "version": "3.2.2",
      "resolved": "https://registry.npmjs.org/@sapphire/snowflake/-/snowflake-3.2.2.tgz",
      "integrity": "sha512-ula2O0kpSZtX9rKXNeQMrHwNd7E4jPDJYUXmEGTFdMRfyfMw+FPyh04oKMjAiDuOi64bYgVkOV3MjK+loImFhQ==",
      "dev": true
    },
    "@sindresorhus/is": {
      "version": "4.6.0",
      "resolved": "https://registry.npmjs.org/@sindresorhus/is/-/is-4.6.0.tgz",
      "integrity": "sha512-t09vSN3MdfsyCHoFcTRCH/iUtG7OJ0CsjzB8cjAmKc/va/kIgeDI/TxsigdncE/4be734m0cvIYwNaV4i2XqAw==",
      "dev": true
    },
    "@types/node": {
      "version": "18.0.0",
      "resolved": "https://registry.npmjs.org/@types/node/-/node-18.0.0.tgz",
      "integrity": "sha512-cHlGmko4gWLVI27cGJntjs/Sj8th9aYwplmZFwmmgYQQvL5NUsgVJG7OddLvNfLqYS31KFN0s3qlaD9qCaxACA==",
      "dev": true
    },
    "@types/ws": {
      "version": "8.5.3",
      "resolved": "https://registry.npmjs.org/@types/ws/-/ws-8.5.3.tgz",
      "integrity": "sha512-6YOoWjruKj1uLf3INHH7D3qTXwFfEsg1kf3c0uDdSBJwfa/llkwIjrAGV7j7mVgGNbzTQ3HiHKKDXl6bJPD97w==",
      "dev": true,
      "requires": {
        "@types/node": "*"
      }
    },
    "balanced-match": {
      "version": "1.0.2",
      "resolved": "https://registry.npmjs.org/balanced-match/-/balanced-match-1.0.2.tgz",
      "integrity": "sha512-3oSeUO0TMV67hN1AmbXsK4yaqU7tjiHlbxRDZOpH0KW9+CeX4bRAaX0Anxt0tx2MrpRpWwQaPwIlISEJhYU5Pw==",
      "dev": true
    },
    "brace-expansion": {
      "version": "1.1.11",
      "resolved": "https://registry.npmjs.org/brace-expansion/-/brace-expansion-1.1.11.tgz",
      "integrity": "sha512-iCuPHDFgrHX7H2vEI/5xpz07zSHB00TpugqhmYtVmMO6518mCuRMoOYFldEBl0g187ufozdaHgWKcYFb61qGiA==",
      "dev": true,
      "requires": {
        "balanced-match": "^1.0.0",
        "concat-map": "0.0.1"
      }
    },
    "concat-map": {
      "version": "0.0.1",
      "resolved": "https://registry.npmjs.org/concat-map/-/concat-map-0.0.1.tgz",
      "integrity": "sha1-2Klr13/Wjfd5OnMDajug1UBdR3s=",
      "dev": true
    },
    "discord-api-types": {
      "version": "0.33.5",
      "resolved": "https://registry.npmjs.org/discord-api-types/-/discord-api-types-0.33.5.tgz",
      "integrity": "sha512-dvO5M52v7m7Dy96+XUnzXNsQ/0npsYpU6dL205kAtEDueswoz3aU3bh1UMoK4cQmcGtB1YRyLKqp+DXi05lzFg==",
      "dev": true
    },
    "discord.js": {
      "version": "14.0.0-dev.1655511041-2681929",
      "resolved": "https://registry.npmjs.org/discord.js/-/discord.js-14.0.0-dev.1655511041-2681929.tgz",
      "integrity": "sha512-/2xEdzxaUPH7DTSZQb5H2d0YRk1ZGcmw4adkMNib0MUh/agoM9sh//w7+5/l/Fyxe8xNFwlwyIqBYA3pTTDsmQ==",
      "dev": true,
      "requires": {
        "@discordjs/builders": "^0.16.0-dev",
        "@discordjs/collection": "^0.8.0-dev",
        "@discordjs/rest": "^0.6.0-dev",
        "@sapphire/snowflake": "^3.2.2",
        "@types/ws": "^8.5.3",
        "discord-api-types": "^0.33.5",
        "fast-deep-equal": "^3.1.3",
        "lodash.snakecase": "^4.1.1",
        "tslib": "^2.4.0",
        "undici": "^5.4.0",
        "ws": "^8.8.0"
      }
    },
    "fast-deep-equal": {
      "version": "3.1.3",
      "resolved": "https://registry.npmjs.org/fast-deep-equal/-/fast-deep-equal-3.1.3.tgz",
      "integrity": "sha512-f3qQ9oQy9j2AhBe/H9VC91wLmKBCCU/gDOnKNAYG5hswO7BLKj09Hc5HYNz9cGI++xlpDCIgDaitVs03ATR84Q==",
      "dev": true
    },
    "fs.realpath": {
      "version": "1.0.0",
      "resolved": "https://registry.npmjs.org/fs.realpath/-/fs.realpath-1.0.0.tgz",
      "integrity": "sha1-FQStJSMVjKpA20onh8sBQRmU6k8=",
      "dev": true
    },
    "glob": {
      "version": "7.2.0",
      "resolved": "https://registry.npmjs.org/glob/-/glob-7.2.0.tgz",
      "integrity": "sha512-lmLf6gtyrPq8tTjSmrO94wBeQbFR3HbLHbuyD69wuyQkImp2hWqMGB47OX65FBkPffO641IP9jWa1z4ivqG26Q==",
      "dev": true,
      "requires": {
        "fs.realpath": "^1.0.0",
        "inflight": "^1.0.4",
        "inherits": "2",
        "minimatch": "^3.0.4",
        "once": "^1.3.0",
        "path-is-absolute": "^1.0.0"
      },
      "dependencies": {
        "minimatch": {
          "version": "3.1.2",
          "resolved": "https://registry.npmjs.org/minimatch/-/minimatch-3.1.2.tgz",
          "integrity": "sha512-J7p63hRiAjw1NDEww1W7i37+ByIrOWO5XQQAzZ3VOcL0PNybwpfmV/N05zFAzwQ9USyEcX6t3UO+K5aqBQOIHw==",
          "dev": true,
          "requires": {
            "brace-expansion": "^1.1.7"
          }
        }
      }
    },
    "inflight": {
      "version": "1.0.6",
      "resolved": "https://registry.npmjs.org/inflight/-/inflight-1.0.6.tgz",
      "integrity": "sha1-Sb1jMdfQLQwJvJEKEHW6gWW1bfk=",
      "dev": true,
      "requires": {
        "once": "^1.3.0",
        "wrappy": "1"
      }
    },
    "inherits": {
      "version": "2.0.4",
      "resolved": "https://registry.npmjs.org/inherits/-/inherits-2.0.4.tgz",
      "integrity": "sha512-k/vGaX4/Yla3WzyMCvTQOXYeIHvqOKtnqBduzTHpzpQZzAskKMhZ2K+EnBiSM9zGSoIFeMpXKxa4dYeZIQqewQ==",
      "dev": true
    },
    "jsonc-parser": {
      "version": "3.0.0",
      "resolved": "https://registry.npmjs.org/jsonc-parser/-/jsonc-parser-3.0.0.tgz",
      "integrity": "sha512-fQzRfAbIBnR0IQvftw9FJveWiHp72Fg20giDrHz6TdfB12UH/uue0D3hm57UB5KgAVuniLMCaS8P1IMj9NR7cA==",
      "dev": true
    },
    "lodash.snakecase": {
      "version": "4.1.1",
      "resolved": "https://registry.npmjs.org/lodash.snakecase/-/lodash.snakecase-4.1.1.tgz",
      "integrity": "sha512-QZ1d4xoBHYUeuouhEq3lk3Uq7ldgyFXGBhg04+oRLnIz8o9T65Eh+8YdroUwn846zchkA9yDsDl5CVVaV2nqYw==",
      "dev": true
    },
    "lunr": {
      "version": "2.3.9",
      "resolved": "https://registry.npmjs.org/lunr/-/lunr-2.3.9.tgz",
      "integrity": "sha512-zTU3DaZaF3Rt9rhN3uBMGQD3dD2/vFQqnvZCDv4dl5iOzq2IZQqTxu90r4E5J+nP70J3ilqVCrbho2eWaeW8Ow==",
      "dev": true
    },
    "marked": {
      "version": "4.0.12",
      "resolved": "https://registry.npmjs.org/marked/-/marked-4.0.12.tgz",
      "integrity": "sha512-hgibXWrEDNBWgGiK18j/4lkS6ihTe9sxtV4Q1OQppb/0zzyPSzoFANBa5MfsG/zgsWklmNnhm0XACZOH/0HBiQ==",
      "dev": true
    },
    "minimatch": {
      "version": "5.0.1",
      "resolved": "https://registry.npmjs.org/minimatch/-/minimatch-5.0.1.tgz",
      "integrity": "sha512-nLDxIFRyhDblz3qMuq+SoRZED4+miJ/G+tdDrjkkkRnjAsBexeGpgjLEQ0blJy7rHhR2b93rhQY4SvyWu9v03g==",
      "dev": true,
      "requires": {
        "brace-expansion": "^2.0.1"
      },
      "dependencies": {
        "brace-expansion": {
          "version": "2.0.1",
          "resolved": "https://registry.npmjs.org/brace-expansion/-/brace-expansion-2.0.1.tgz",
          "integrity": "sha512-XnAIvQ8eM+kC6aULx6wuQiwVsnzsi9d3WxzV3FpWTGA19F621kwdbsAcFKXgKUHZWsy+mY6iL1sHTxWEFCytDA==",
          "dev": true,
          "requires": {
            "balanced-match": "^1.0.0"
          }
        }
      }
    },
    "once": {
      "version": "1.4.0",
      "resolved": "https://registry.npmjs.org/once/-/once-1.4.0.tgz",
      "integrity": "sha1-WDsap3WWHUsROsF9nFC6753Xa9E=",
      "dev": true,
      "requires": {
        "wrappy": "1"
      }
    },
    "path-is-absolute": {
      "version": "1.0.1",
      "resolved": "https://registry.npmjs.org/path-is-absolute/-/path-is-absolute-1.0.1.tgz",
      "integrity": "sha1-F0uSaHNVNP+8es5r9TpanhtcX18=",
      "dev": true
    },
    "shiki": {
      "version": "0.10.1",
      "resolved": "https://registry.npmjs.org/shiki/-/shiki-0.10.1.tgz",
      "integrity": "sha512-VsY7QJVzU51j5o1+DguUd+6vmCmZ5v/6gYu4vyYAhzjuNQU6P/vmSy4uQaOhvje031qQMiW0d2BwgMH52vqMng==",
      "dev": true,
      "requires": {
        "jsonc-parser": "^3.0.0",
        "vscode-oniguruma": "^1.6.1",
        "vscode-textmate": "5.2.0"
      }
    },
    "ts-mixer": {
      "version": "6.0.1",
      "resolved": "https://registry.npmjs.org/ts-mixer/-/ts-mixer-6.0.1.tgz",
      "integrity": "sha512-hvE+ZYXuINrx6Ei6D6hz+PTim0Uf++dYbK9FFifLNwQj+RwKquhQpn868yZsCtJYiclZF1u8l6WZxxKi+vv7Rg==",
      "dev": true
    },
    "tslib": {
      "version": "2.4.0",
      "resolved": "https://registry.npmjs.org/tslib/-/tslib-2.4.0.tgz",
      "integrity": "sha512-d6xOpEDfsi2CZVlPQzGeux8XMwLT9hssAsaPYExaQMuYskwb+x1x7J371tWlbBdWHroy99KnVB6qIkUbs5X3UQ==",
      "dev": true
    },
    "typedoc": {
      "version": "0.22.13",
      "resolved": "https://registry.npmjs.org/typedoc/-/typedoc-0.22.13.tgz",
      "integrity": "sha512-NHNI7Dr6JHa/I3+c62gdRNXBIyX7P33O9TafGLd07ur3MqzcKgwTvpg18EtvCLHJyfeSthAtCLpM7WkStUmDuQ==",
      "dev": true,
      "requires": {
        "glob": "^7.2.0",
        "lunr": "^2.3.9",
        "marked": "^4.0.12",
        "minimatch": "^5.0.1",
        "shiki": "^0.10.1"
      }
    },
    "typescript": {
      "version": "4.6.2",
      "resolved": "https://registry.npmjs.org/typescript/-/typescript-4.6.2.tgz",
      "integrity": "sha512-HM/hFigTBHZhLXshn9sN37H085+hQGeJHJ/X7LpBWLID/fbc2acUMfU+lGD98X81sKP+pFa9f0DZmCwB9GnbAg==",
      "dev": true
    },
    "undici": {
      "version": "5.5.1",
      "resolved": "https://registry.npmjs.org/undici/-/undici-5.5.1.tgz",
      "integrity": "sha512-MEvryPLf18HvlCbLSzCW0U00IMftKGI5udnjrQbC5D4P0Hodwffhv+iGfWuJwg16Y/TK11ZFK8i+BPVW2z/eAw==",
      "dev": true
    },
    "vscode-oniguruma": {
      "version": "1.6.2",
      "resolved": "https://registry.npmjs.org/vscode-oniguruma/-/vscode-oniguruma-1.6.2.tgz",
      "integrity": "sha512-KH8+KKov5eS/9WhofZR8M8dMHWN2gTxjMsG4jd04YhpbPR91fUj7rYQ2/XjeHCJWbg7X++ApRIU9NUwM2vTvLA==",
      "dev": true
    },
    "vscode-textmate": {
      "version": "5.2.0",
      "resolved": "https://registry.npmjs.org/vscode-textmate/-/vscode-textmate-5.2.0.tgz",
      "integrity": "sha512-Uw5ooOQxRASHgu6C7GVvUxisKXfSgW4oFlO+aa+PAkgmH89O3CXxEEzNRNtHSqtXFTl0nAC1uYj0GMSH27uwtQ==",
      "dev": true
    },
    "wrappy": {
      "version": "1.0.2",
      "resolved": "https://registry.npmjs.org/wrappy/-/wrappy-1.0.2.tgz",
      "integrity": "sha1-tSQ9jz7BqjXxNkYFvA0QNuMKtp8=",
      "dev": true
    },
    "ws": {
      "version": "8.8.0",
      "resolved": "https://registry.npmjs.org/ws/-/ws-8.8.0.tgz",
      "integrity": "sha512-JDAgSYQ1ksuwqfChJusw1LSJ8BizJ2e/vVu5Lxjq3YvNJNlROv1ui4i+c/kUUrPheBvQl4c5UbERhTwKa6QBJQ==",
      "dev": true
    }
  }
}
